
Microsoft Visual Studio Solution File, Format Version 12.00
# Visual Studio Version 17
VisualStudioVersion = 17.14.36811.4 d17.14
MinimumVisualStudioVersion = 10.0.40219.1
Project("{FAE04EC0-301F-11D3-BF4B-00C04F79EFBC}") = "DesignAutomation.API", "DesignAutomation.API.csproj", "{13C96F55-561E-410E-ACB9-E69CE3F1268B}"
EndProject
Global
	GlobalSection(SolutionConfigurationPlatforms) = preSolution
		Debug|Any CPU = Debug|Any CPU
		Release|Any CPU = Release|Any CPU
	EndGlobalSection
	GlobalSection(ProjectConfigurationPlatforms) = postSolution
		{13C96F55-561E-410E-ACB9-E69CE3F1268B}.Debug|Any CPU.ActiveCfg = Debug|Any CPU
		{13C96F55-561E-410E-ACB9-E69CE3F1268B}.Debug|Any CPU.Build.0 = Debug|Any CPU
		{13C96F55-561E-410E-ACB9-E69CE3F1268B}.Release|Any CPU.ActiveCfg = Release|Any CPU
		{13C96F55-561E-410E-ACB9-E69CE3F1268B}.Release|Any CPU.Build.0 = Release|Any CPU
	EndGlobalSection
	GlobalSection(SolutionProperties) = preSolution
		HideSolutionNode = FALSE
	EndGlobalSection
	GlobalSection(ExtensibilityGlobals) = postSolution
		SolutionGuid = {1B1F1ECA-E361-4A05-B500-61AC0FA4628E}
	EndGlobalSection
EndGlobal
